
Microsoft Visual Studio Solution File, Format Version 12.00
# Visual Studio Version 17
VisualStudioVersion = 17.4.33213.308
MinimumVisualStudioVersion = 10.0.40219.1
Project("{FAE04EC0-301F-11D3-BF4B-00C04F79EFBC}") = "UStorage.Web", "UStorage.Web\UStorage.Web.csproj", "{77B2A72D-C649-4EFC-9E9E-23F0260BDEB6}"
EndProject
Project("{FAE04EC0-301F-11D3-BF4B-00C04F79EFBC}") = "UStorage.Helpers", "UStorage.Helpers\UStorage.Helpers.csproj", "{B7C42B83-19B9-43E9-906C-796153F7E901}"
EndProject
Global
	GlobalSection(SolutionConfigurationPlatforms) = preSolution
		Debug|Any CPU = Debug|Any CPU
		Release|Any CPU = Release|Any CPU
	EndGlobalSection
	GlobalSection(ProjectConfigurationPlatforms) = postSolution
		{77B2A72D-C649-4EFC-9E9E-23F0260BDEB6}.Debug|Any CPU.ActiveCfg = Debug|Any CPU
		{77B2A72D-C649-4EFC-9E9E-23F0260BDEB6}.Debug|Any CPU.Build.0 = Debug|Any CPU
		{77B2A72D-C649-4EFC-9E9E-23F0260BDEB6}.Release|Any CPU.ActiveCfg = Release|Any CPU
		{77B2A72D-C649-4EFC-9E9E-23F0260BDEB6}.Release|Any CPU.Build.0 = Release|Any CPU
		{B7C42B83-19B9-43E9-906C-796153F7E901}.Debug|Any CPU.ActiveCfg = Debug|Any CPU
		{B7C42B83-19B9-43E9-906C-796153F7E901}.Debug|Any CPU.Build.0 = Debug|Any CPU
		{B7C42B83-19B9-43E9-906C-796153F7E901}.Release|Any CPU.ActiveCfg = Release|Any CPU
		{B7C42B83-19B9-43E9-906C-796153F7E901}.Release|Any CPU.Build.0 = Release|Any CPU
	EndGlobalSection
	GlobalSection(SolutionProperties) = preSolution
		HideSolutionNode = FALSE
	EndGlobalSection
	GlobalSection(ExtensibilityGlobals) = postSolution
		SolutionGuid = {63F30DAD-619E-41ED-9904-CC9F5C0C398B}
	EndGlobalSection
EndGlobal
